
Microsoft Visual Studio Solution File, Format Version 12.00
# Visual Studio Version 16
VisualStudioVersion = 16.0.30717.126
MinimumVisualStudioVersion = 10.0.40219.1
Project("{FAE04EC0-301F-11D3-BF4B-00C04F79EFBC}") = "SoccerRanking", "SoccerRanking\SoccerRanking.csproj", "{F9633194-79A3-49E3-980D-54C4E0CAD18E}"
EndProject
Project("{FAE04EC0-301F-11D3-BF4B-00C04F79EFBC}") = "SoccerRankingFacts", "TeamsFacts\SoccerRankingFacts.csproj", "{1C42163F-01C1-4A18-88DE-74AF979F1DB1}"
EndProject
Global
	GlobalSection(SolutionConfigurationPlatforms) = preSolution
		Debug|Any CPU = Debug|Any CPU
		Release|Any CPU = Release|Any CPU
	EndGlobalSection
	GlobalSection(ProjectConfigurationPlatforms) = postSolution
		{F9633194-79A3-49E3-980D-54C4E0CAD18E}.Debug|Any CPU.ActiveCfg = Debug|Any CPU
		{F9633194-79A3-49E3-980D-54C4E0CAD18E}.Debug|Any CPU.Build.0 = Debug|Any CPU
		{F9633194-79A3-49E3-980D-54C4E0CAD18E}.Release|Any CPU.ActiveCfg = Release|Any CPU
		{F9633194-79A3-49E3-980D-54C4E0CAD18E}.Release|Any CPU.Build.0 = Release|Any CPU
		{1C42163F-01C1-4A18-88DE-74AF979F1DB1}.Debug|Any CPU.ActiveCfg = Debug|Any CPU
		{1C42163F-01C1-4A18-88DE-74AF979F1DB1}.Debug|Any CPU.Build.0 = Debug|Any CPU
		{1C42163F-01C1-4A18-88DE-74AF979F1DB1}.Release|Any CPU.ActiveCfg = Release|Any CPU
		{1C42163F-01C1-4A18-88DE-74AF979F1DB1}.Release|Any CPU.Build.0 = Release|Any CPU
	EndGlobalSection
	GlobalSection(SolutionProperties) = preSolution
		HideSolutionNode = FALSE
	EndGlobalSection
	GlobalSection(ExtensibilityGlobals) = postSolution
		SolutionGuid = {376575ED-E5AA-4FA9-9B14-445EFA9DCE07}
	EndGlobalSection
EndGlobal
