
Microsoft Visual Studio Solution File, Format Version 12.00
# Visual Studio Version 16
VisualStudioVersion = 16.0.30907.101
MinimumVisualStudioVersion = 10.0.40219.1
Project("{9A19103F-16F7-4668-BE54-9A1E7A4F7556}") = "Dictionary", "Dictionary\Dictionary.csproj", "{FA2993B4-7CD7-4327-B02F-DA8BD40E004B}"
EndProject
Project("{9A19103F-16F7-4668-BE54-9A1E7A4F7556}") = "Dictionary.Facts", "Dictionary.Facts\Dictionary.Facts.csproj", "{3B929555-4539-44C7-978B-B1BB8B186844}"
EndProject
Project("{2150E333-8FDC-42A3-9474-1A3956D46DE8}") = "Solution Items", "Solution Items", "{1FA89215-BAC7-4CA2-8611-34CD9BA4C49F}"
	ProjectSection(SolutionItems) = preProject
		.editorconfig = .editorconfig
	EndProjectSection
EndProject
Global
	GlobalSection(SolutionConfigurationPlatforms) = preSolution
		Debug|Any CPU = Debug|Any CPU
		Release|Any CPU = Release|Any CPU
	EndGlobalSection
	GlobalSection(ProjectConfigurationPlatforms) = postSolution
		{FA2993B4-7CD7-4327-B02F-DA8BD40E004B}.Debug|Any CPU.ActiveCfg = Debug|Any CPU
		{FA2993B4-7CD7-4327-B02F-DA8BD40E004B}.Debug|Any CPU.Build.0 = Debug|Any CPU
		{FA2993B4-7CD7-4327-B02F-DA8BD40E004B}.Release|Any CPU.ActiveCfg = Release|Any CPU
		{FA2993B4-7CD7-4327-B02F-DA8BD40E004B}.Release|Any CPU.Build.0 = Release|Any CPU
		{3B929555-4539-44C7-978B-B1BB8B186844}.Debug|Any CPU.ActiveCfg = Debug|Any CPU
		{3B929555-4539-44C7-978B-B1BB8B186844}.Debug|Any CPU.Build.0 = Debug|Any CPU
		{3B929555-4539-44C7-978B-B1BB8B186844}.Release|Any CPU.ActiveCfg = Release|Any CPU
		{3B929555-4539-44C7-978B-B1BB8B186844}.Release|Any CPU.Build.0 = Release|Any CPU
	EndGlobalSection
	GlobalSection(SolutionProperties) = preSolution
		HideSolutionNode = FALSE
	EndGlobalSection
	GlobalSection(ExtensibilityGlobals) = postSolution
		SolutionGuid = {94A9DF95-7BE4-4F11-A955-0988BCBB45A5}
	EndGlobalSection
EndGlobal
